// !$*UTF8*$!
{
	archiveVersion = 1;
	classes = {
	};
	objectVersion = 46;
	objects = {

/* Begin PBXBuildFile section */
		C26C2BC81BD72F3B006970AC /* AppDelegate.swift in Sources */ = {isa = PBXBuildFile; fileRef = C26C2BC71BD72F3B006970AC /* AppDelegate.swift */; };
		C26C2BCA1BD72F3B006970AC /* IntroViewController.swift in Sources */ = {isa = PBXBuildFile; fileRef = C26C2BC91BD72F3B006970AC /* IntroViewController.swift */; };
		C26C2BCD1BD72F3B006970AC /* Main.storyboard in Resources */ = {isa = PBXBuildFile; fileRef = C26C2BCB1BD72F3B006970AC /* Main.storyboard */; };
		C26C2BCF1BD72F3B006970AC /* Assets.xcassets in Resources */ = {isa = PBXBuildFile; fileRef = C26C2BCE1BD72F3B006970AC /* Assets.xcassets */; };
		C26C2BD21BD72F3B006970AC /* LaunchScreen.storyboard in Resources */ = {isa = PBXBuildFile; fileRef = C26C2BD01BD72F3B006970AC /* LaunchScreen.storyboard */; };
		C270486F1BD9366C00E787B3 /* termsViewController.swift in Sources */ = {isa = PBXBuildFile; fileRef = C270486E1BD9366C00E787B3 /* termsViewController.swift */; };
		C27048711BD93B2600E787B3 /* settingsViewController.swift in Sources */ = {isa = PBXBuildFile; fileRef = C27048701BD93B2600E787B3 /* settingsViewController.swift */; };
		C2A29D0C1BD74ED500A1AA3E /* CreateAccountViewController.swift in Sources */ = {isa = PBXBuildFile; fileRef = C2A29D0B1BD74ED500A1AA3E /* CreateAccountViewController.swift */; };
		C2A29D0E1BD74EE200A1AA3E /* SignInViewController.swift in Sources */ = {isa = PBXBuildFile; fileRef = C2A29D0D1BD74EE200A1AA3E /* SignInViewController.swift */; };
		C2A29D101BD74F4A00A1AA3E /* CreateAccountRootViewController.swift in Sources */ = {isa = PBXBuildFile; fileRef = C2A29D0F1BD74F4A00A1AA3E /* CreateAccountRootViewController.swift */; };
		C2A29D121BD74F5200A1AA3E /* SignInRootViewController.swift in Sources */ = {isa = PBXBuildFile; fileRef = C2A29D111BD74F5200A1AA3E /* SignInRootViewController.swift */; };
/* End PBXBuildFile section */

/* Begin PBXFileReference section */
		C26C2BC41BD72F3B006970AC /* Dropbox Exercise.app */ = {isa = PBXFileReference; explicitFileType = wrapper.application; includeInIndex = 0; path = "Dropbox Exercise.app"; sourceTree = BUILT_PRODUCTS_DIR; };
		C26C2BC71BD72F3B006970AC /* AppDelegate.swift */ = {isa = PBXFileReference; lastKnownFileType = sourcecode.swift; path = AppDelegate.swift; sourceTree = "<group>"; };
		C26C2BC91BD72F3B006970AC /* IntroViewController.swift */ = {isa = PBXFileReference; lastKnownFileType = sourcecode.swift; path = IntroViewController.swift; sourceTree = "<group>"; };
		C26C2BCC1BD72F3B006970AC /* Base */ = {isa = PBXFileReference; lastKnownFileType = file.storyboard; name = Base; path = Base.lproj/Main.storyboard; sourceTree = "<group>"; };
		C26C2BCE1BD72F3B006970AC /* Assets.xcassets */ = {isa = PBXFileReference; lastKnownFileType = folder.assetcatalog; path = Assets.xcassets; sourceTree = "<group>"; };
		C26C2BD11BD72F3B006970AC /* Base */ = {isa = PBXFileReference; lastKnownFileType = file.storyboard; name = Base; path = Base.lproj/LaunchScreen.storyboard; sourceTree = "<group>"; };
		C26C2BD31BD72F3B006970AC /* Info.plist */ = {isa = PBXFileReference; lastKnownFileType = text.plist.xml; path = Info.plist; sourceTree = "<group>"; };
		C270486E1BD9366C00E787B3 /* termsViewController.swift */ = {isa = PBXFileReference; fileEncoding = 4; lastKnownFileType = sourcecode.swift; path = termsViewController.swift; sourceTree = "<group>"; };
		C27048701BD93B2600E787B3 /* settingsViewController.swift */ = {isa = PBXFileReference; fileEncoding = 4; lastKnownFileType = sourcecode.swift; path = settingsViewController.swift; sourceTree = "<group>"; };
		C2A29D0B1BD74ED500A1AA3E /* CreateAccountViewController.swift */ = {isa = PBXFileReference; fileEncoding = 4; lastKnownFileType = sourcecode.swift; path = CreateAccountViewController.swift; sourceTree = "<group>"; };
		C2A29D0D1BD74EE200A1AA3E /* SignInViewController.swift */ = {isa = PBXFileReference; fileEncoding = 4; lastKnownFileType = sourcecode.swift; path = SignInViewController.swift; sourceTree = "<group>"; };
		C2A29D0F1BD74F4A00A1AA3E /* CreateAccountRootViewController.swift */ = {isa = PBXFileReference; fileEncoding = 4; lastKnownFileType = sourcecode.swift; path = CreateAccountRootViewController.swift; sourceTree = "<group>"; };
		C2A29D111BD74F5200A1AA3E /* SignInRootViewController.swift */ = {isa = PBXFileReference; fileEncoding = 4; lastKnownFileType = sourcecode.swift; path = SignInRootViewController.swift; sourceTree = "<group>"; };
/* End PBXFileReference section */

/* Begin PBXFrameworksBuildPhase section */
		C26C2BC11BD72F3B006970AC /* Frameworks */ = {
			isa = PBXFrameworksBuildPhase;
			buildActionMask = 2147483647;
			files = (
			);
			runOnlyForDeploymentPostprocessing = 0;
		};
/* End PBXFrameworksBuildPhase section */

/* Begin PBXGroup section */
		C26C2BBB1BD72F3B006970AC = {
			isa = PBXGroup;
			children = (
				C26C2BC61BD72F3B006970AC /* Dropbox Exercise */,
				C26C2BC51BD72F3B006970AC /* Products */,
			);
			sourceTree = "<group>";
		};
		C26C2BC51BD72F3B006970AC /* Products */ = {
			isa = PBXGroup;
			children = (
				C26C2BC41BD72F3B006970AC /* Dropbox Exercise.app */,
			);
			name = Products;
			sourceTree = "<group>";
		};
		C26C2BC61BD72F3B006970AC /* Dropbox Exercise */ = {
			isa = PBXGroup;
			children = (
				C26C2BC71BD72F3B006970AC /* AppDelegate.swift */,
				C26C2BC91BD72F3B006970AC /* IntroViewController.swift */,
				C2A29D0F1BD74F4A00A1AA3E /* CreateAccountRootViewController.swift */,
				C2A29D0B1BD74ED500A1AA3E /* CreateAccountViewController.swift */,
				C2A29D111BD74F5200A1AA3E /* SignInRootViewController.swift */,
				C2A29D0D1BD74EE200A1AA3E /* SignInViewController.swift */,
				C270486E1BD9366C00E787B3 /* termsViewController.swift */,
				C26C2BCB1BD72F3B006970AC /* Main.storyboard */,
				C27048701BD93B2600E787B3 /* settingsViewController.swift */,
				C26C2BCE1BD72F3B006970AC /* Assets.xcassets */,
				C26C2BD01BD72F3B006970AC /* LaunchScreen.storyboard */,
				C26C2BD31BD72F3B006970AC /* Info.plist */,
			);
			path = "Dropbox Exercise";
			sourceTree = "<group>";
		};
/* End PBXGroup section */

/* Begin PBXNativeTarget section */
		C26C2BC31BD72F3B006970AC /* Dropbox Exercise */ = {
			isa = PBXNativeTarget;
			buildConfigurationList = C26C2BD61BD72F3B006970AC /* Build configuration list for PBXNativeTarget "Dropbox Exercise" */;
			buildPhases = (
				C26C2BC01BD72F3B006970AC /* Sources */,
				C26C2BC11BD72F3B006970AC /* Frameworks */,
				C26C2BC21BD72F3B006970AC /* Resources */,
			);
			buildRules = (
			);
			dependencies = (
			);
			name = "Dropbox Exercise";
			productName = "Dropbox Exercise";
			productReference = C26C2BC41BD72F3B006970AC /* Dropbox Exercise.app */;
			productType = "com.apple.product-type.application";
		};
/* End PBXNativeTarget section */

/* Begin PBXProject section */
		C26C2BBC1BD72F3B006970AC /* Project object */ = {
			isa = PBXProject;
			attributes = {
				LastUpgradeCheck = 0700;
				ORGANIZATIONNAME = "Sam Wander";
				TargetAttributes = {
					C26C2BC31BD72F3B006970AC = {
						CreatedOnToolsVersion = 7.0.1;
						DevelopmentTeam = 5HYAKYSJ8A;
					};
				};
			};
			buildConfigurationList = C26C2BBF1BD72F3B006970AC /* Build configuration list for PBXProject "Dropbox Exercise" */;
			compatibilityVersion = "Xcode 3.2";
			developmentRegion = English;
			hasScannedForEncodings = 0;
			knownRegions = (
				en,
				Base,
			);
			mainGroup = C26C2BBB1BD72F3B006970AC;
			productRefGroup = C26C2BC51BD72F3B006970AC /* Products */;
			projectDirPath = "";
			projectRoot = "";
			targets = (
				C26C2BC31BD72F3B006970AC /* Dropbox Exercise */,
			);
		};
/* End PBXProject section */

/* Begin PBXResourcesBuildPhase section */
		C26C2BC21BD72F3B006970AC /* Resources */ = {
			isa = PBXResourcesBuildPhase;
			buildActionMask = 2147483647;
			files = (
				C26C2BD21BD72F3B006970AC /* LaunchScreen.storyboard in Resources */,
				C26C2BCF1BD72F3B006970AC /* Assets.xcassets in Resources */,
				C26C2BCD1BD72F3B006970AC /* Main.storyboard in Resources */,
			);
			runOnlyForDeploymentPostprocessing = 0;
		};
/* End PBXResourcesBuildPhase section */

/* Begin PBXSourcesBuildPhase section */
		C26C2BC01BD72F3B006970AC /* Sources */ = {
			isa = PBXSourcesBuildPhase;
			buildActionMask = 2147483647;
			files = (
				C2A29D101BD74F4A00A1AA3E /* CreateAccountRootViewController.swift in Sources */,
				C2A29D0E1BD74EE200A1AA3E /* SignInViewController.swift in Sources */,
				C2A29D121BD74F5200A1AA3E /* SignInRootViewController.swift in Sources */,
				C2A29D0C1BD74ED500A1AA3E /* CreateAccountViewController.swift in Sources */,
				C26C2BCA1BD72F3B006970AC /* IntroViewController.swift in Sources */,
				C26C2BC81BD72F3B006970AC /* AppDelegate.swift in Sources */,
				C270486F1BD9366C00E787B3 /* termsViewController.swift in Sources */,
				C27048711BD93B2600E787B3 /* settingsViewController.swift in Sources */,
			);
			runOnlyForDeploymentPostprocessing = 0;
		};
/* End PBXSourcesBuildPhase section */

/* Begin PBXVariantGroup section */
		C26C2BCB1BD72F3B006970AC /* Main.storyboard */ = {
			isa = PBXVariantGroup;
			children = (
				C26C2BCC1BD72F3B006970AC /* Base */,
			);
			name = Main.storyboard;
			sourceTree = "<group>";
		};
		C26C2BD01BD72F3B006970AC /* LaunchScreen.storyboard */ = {
			isa = PBXVariantGroup;
			children = (
				C26C2BD11BD72F3B006970AC /* Base */,
			);
			name = LaunchScreen.storyboard;
			sourceTree = "<group>";
		};
/* End PBXVariantGroup section */

/* Begin XCBuildConfiguration section */
		C26C2BD41BD72F3B006970AC /* Debug */ = {
			isa = XCBuildConfiguration;
			buildSettings = {
				ALWAYS_SEARCH_USER_PATHS = NO;
				CLANG_CXX_LANGUAGE_STANDARD = "gnu++0x";
				CLANG_CXX_LIBRARY = "libc++";
				CLANG_ENABLE_MODULES = YES;
				CLANG_ENABLE_OBJC_ARC = YES;
				CLANG_WARN_BOOL_CONVERSION = YES;
				CLANG_WARN_CONSTANT_CONVERSION = YES;
				CLANG_WARN_DIRECT_OBJC_ISA_USAGE = YES_ERROR;
				CLANG_WARN_EMPTY_BODY = YES;
				CLANG_WARN_ENUM_CONVERSION = YES;
				CLANG_WARN_INT_CONVERSION = YES;
				CLANG_WARN_OBJC_ROOT_CLASS = YES_ERROR;
				CLANG_WARN_UNREACHABLE_CODE = YES;
				CLANG_WARN__DUPLICATE_METHOD_MATCH = YES;
				"CODE_SIGN_IDENTITY[sdk=iphoneos*]" = "iPhone Developer";
				COPY_PHASE_STRIP = NO;
				DEBUG_INFORMATION_FORMAT = dwarf;
				ENABLE_STRICT_OBJC_MSGSEND = YES;
				ENABLE_TESTABILITY = YES;
				GCC_C_LANGUAGE_STANDARD = gnu99;
				GCC_DYNAMIC_NO_PIC = NO;
				GCC_NO_COMMON_BLOCKS = YES;
				GCC_OPTIMIZATION_LEVEL = 0;
				GCC_PREPROCESSOR_DEFINITIONS = (
					"DEBUG=1",
					"$(inherited)",
				);
				GCC_WARN_64_TO_32_BIT_CONVERSION = YES;
				GCC_WARN_ABOUT_RETURN_TYPE = YES_ERROR;
				GCC_WARN_UNDECLARED_SELECTOR = YES;
				GCC_WARN_UNINITIALIZED_AUTOS = YES_AGGRESSIVE;
				GCC_WARN_UNUSED_FUNCTION = YES;
				GCC_WARN_UNUSED_VARIABLE = YES;
				IPHONEOS_DEPLOYMENT_TARGET = 9.0;
				MTL_ENABLE_DEBUG_INFO = YES;
				ONLY_ACTIVE_ARCH = YES;
				SDKROOT = iphoneos;
				SWIFT_OPTIMIZATION_LEVEL = "-Onone";
			};
			name = Debug;
		};
		C26C2BD51BD72F3B006970AC /* Release */ = {
			isa = XCBuildConfiguration;
			buildSettings = {
				ALWAYS_SEARCH_USER_PATHS = NO;
				CLANG_CXX_LANGUAGE_STANDARD = "gnu++0x";
				CLANG_CXX_LIBRARY = "libc++";
				CLANG_ENABLE_MODULES = YES;
				CLANG_ENABLE_OBJC_ARC = YES;
				CLANG_WARN_BOOL_CONVERSION = YES;
				CLANG_WARN_CONSTANT_CONVERSION = YES;
				CLANG_WARN_DIRECT_OBJC_ISA_USAGE = YES_ERROR;
				CLANG_WARN_EMPTY_BODY = YES;
				CLANG_WARN_ENUM_CONVERSION = YES;
				CLANG_WARN_INT_CONVERSION = YES;
				CLANG_WARN_OBJC_ROOT_CLASS = YES_ERROR;
				CLANG_WARN_UNREACHABLE_CODE = YES;
				CLANG_WARN__DUPLICATE_METHOD_MATCH = YES;
				"CODE_SIGN_IDENTITY[sdk=iphoneos*]" = "iPhone Developer";
				COPY_PHASE_STRIP = NO;
				DEBUG_INFORMATION_FORMAT = "dwarf-with-dsym";
				ENABLE_NS_ASSERTIONS = NO;
				ENABLE_STRICT_OBJC_MSGSEND = YES;
				GCC_C_LANGUAGE_STANDARD = gnu99;
				GCC_NO_COMMON_BLOCKS = YES;
				GCC_WARN_64_TO_32_BIT_CONVERSION = YES;
				GCC_WARN_ABOUT_RETURN_TYPE = YES_ERROR;
				GCC_WARN_UNDECLARED_SELECTOR = YES;
				GCC_WARN_UNINITIALIZED_AUTOS = YES_AGGRESSIVE;
				GCC_WARN_UNUSED_FUNCTION = YES;
				GCC_WARN_UNUSED_VARIABLE = YES;
				IPHONEOS_DEPLOYMENT_TARGET = 9.0;
				MTL_ENABLE_DEBUG_INFO = NO;
				SDKROOT = iphoneos;
				VALIDATE_PRODUCT = YES;
			};
			name = Release;
		};
		C26C2BD71BD72F3B006970AC /* Debug */ = {
			isa = XCBuildConfiguration;
			buildSettings = {
				ASSETCATALOG_COMPILER_APPICON_NAME = AppIcon;
				CODE_SIGN_IDENTITY = "iPhone Developer";
				"CODE_SIGN_IDENTITY[sdk=iphoneos*]" = "iPhone Developer";
				INFOPLIST_FILE = "Dropbox Exercise/Info.plist";
				LD_RUNPATH_SEARCH_PATHS = "$(inherited) @executable_path/Frameworks";
				PRODUCT_BUNDLE_IDENTIFIER = "com.wander.sam.Dropbox-Exercise";
				PRODUCT_NAME = "$(TARGET_NAME)";
				PROVISIONING_PROFILE = "";
			};
			name = Debug;
		};
		C26C2BD81BD72F3B006970AC /* Release */ = {
			isa = XCBuildConfiguration;
			buildSettings = {
				ASSETCATALOG_COMPILER_APPICON_NAME = AppIcon;
				CODE_SIGN_IDENTITY = "iPhone Developer";
				"CODE_SIGN_IDENTITY[sdk=iphoneos*]" = "iPhone Developer";
				INFOPLIST_FILE = "Dropbox Exercise/Info.plist";
				LD_RUNPATH_SEARCH_PATHS = "$(inherited) @executable_path/Frameworks";
				PRODUCT_BUNDLE_IDENTIFIER = "com.wander.sam.Dropbox-Exercise";
				PRODUCT_NAME = "$(TARGET_NAME)";
				PROVISIONING_PROFILE = "";
			};
			name = Release;
		};
/* End XCBuildConfiguration section */

/* Begin XCConfigurationList section */
		C26C2BBF1BD72F3B006970AC /* Build configuration list for PBXProject "Dropbox Exercise" */ = {
			isa = XCConfigurationList;
			buildConfigurations = (
				C26C2BD41BD72F3B006970AC /* Debug */,
				C26C2BD51BD72F3B006970AC /* Release */,
			);
			defaultConfigurationIsVisible = 0;
			defaultConfigurationName = Release;
		};
		C26C2BD61BD72F3B006970AC /* Build configuration list for PBXNativeTarget "Dropbox Exercise" */ = {
			isa = XCConfigurationList;
			buildConfigurations = (
				C26C2BD71BD72F3B006970AC /* Debug */,
				C26C2BD81BD72F3B006970AC /* Release */,
			);
			defaultConfigurationIsVisible = 0;
			defaultConfigurationName = Release;
		};
/* End XCConfigurationList section */
	};
	rootObject = C26C2BBC1BD72F3B006970AC /* Project object */;
}
